{
  "name": "omniremote-ai",
  "version": "1.0.0",
  "description": "OmniRemote AI - Universal remote control backend",
  "main": "index.js",
  "scripts": {
    "start": "node index.js",
    "test": "echo \"No tests yet\"",
    "build": "echo \"No build step required\""
  },
  "repository": {
    "type": "git",
    "url": "git+https://github.com/kirstymay93/OmniRemote-AI.git"
  },
  "keywords": [
    "ai",
    "remote",
    "express",
    "backend"
  ],
  "author": "",
  "license": "ISC",
  "bugs": {
    "url": "https://github.com/kirstymay93/OmniRemote-AI/issues"
  },
  "homepage": "https://github.com/kirstymay93/OmniRemote-AI#readme",
  "dependencies": {
    "express": "^4.19.2"
  }
}